
Microsoft Visual Studio Solution File, Format Version 12.00
# Visual Studio 2013
VisualStudioVersion = 12.0.31101.0
MinimumVisualStudioVersion = 10.0.40219.1
Project("{FAE04EC0-301F-11D3-BF4B-00C04F79EFBC}") = "AspNetBundling.Contrib", "AspNetBundling.Contrib\AspNetBundling.Contrib.csproj", "{C1DA31DB-124C-4019-BF3E-80034A7593B1}"
EndProject
Project("{FAE04EC0-301F-11D3-BF4B-00C04F79EFBC}") = "AspNetBundling.Contrib.Tests", "AspNetBundling.Contrib.Tests\AspNetBundling.Contrib.Tests.csproj", "{66F25A8E-56E0-4D4B-A121-9E5C792D3B41}"
EndProject
Global
	GlobalSection(SolutionConfigurationPlatforms) = preSolution
		Debug|Any CPU = Debug|Any CPU
		Release|Any CPU = Release|Any CPU
	EndGlobalSection
	GlobalSection(ProjectConfigurationPlatforms) = postSolution
		{C1DA31DB-124C-4019-BF3E-80034A7593B1}.Debug|Any CPU.ActiveCfg = Debug|Any CPU
		{C1DA31DB-124C-4019-BF3E-80034A7593B1}.Debug|Any CPU.Build.0 = Debug|Any CPU
		{C1DA31DB-124C-4019-BF3E-80034A7593B1}.Release|Any CPU.ActiveCfg = Release|Any CPU
		{C1DA31DB-124C-4019-BF3E-80034A7593B1}.Release|Any CPU.Build.0 = Release|Any CPU
		{66F25A8E-56E0-4D4B-A121-9E5C792D3B41}.Debug|Any CPU.ActiveCfg = Debug|Any CPU
		{66F25A8E-56E0-4D4B-A121-9E5C792D3B41}.Debug|Any CPU.Build.0 = Debug|Any CPU
		{66F25A8E-56E0-4D4B-A121-9E5C792D3B41}.Release|Any CPU.ActiveCfg = Release|Any CPU
		{66F25A8E-56E0-4D4B-A121-9E5C792D3B41}.Release|Any CPU.Build.0 = Release|Any CPU
	EndGlobalSection
	GlobalSection(SolutionProperties) = preSolution
		HideSolutionNode = FALSE
	EndGlobalSection
EndGlobal
